// !$*UTF8*$!
{
	archiveVersion = 1;
	classes = {
	};
	objectVersion = 56;
	objects = {

/* Begin PBXBuildFile section */
		0BC0999F2BC70BEA006F0DB5 /* AppDelegate.swift in Sources */ = {isa = PBXBuildFile; fileRef = 0BC0999E2BC70BEA006F0DB5 /* AppDelegate.swift */; };
		0BC099A12BC70BEA006F0DB5 /* SceneDelegate.swift in Sources */ = {isa = PBXBuildFile; fileRef = 0BC099A02BC70BEA006F0DB5 /* SceneDelegate.swift */; };
		0BC099A32BC70BEA006F0DB5 /* MarvellViewController.swift in Sources */ = {isa = PBXBuildFile; fileRef = 0BC099A22BC70BEA006F0DB5 /* MarvellViewController.swift */; };
		0BC099A82BC70BED006F0DB5 /* Assets.xcassets in Resources */ = {isa = PBXBuildFile; fileRef = 0BC099A72BC70BED006F0DB5 /* Assets.xcassets */; };
		0BC099AB2BC70BED006F0DB5 /* LaunchScreen.storyboard in Resources */ = {isa = PBXBuildFile; fileRef = 0BC099A92BC70BED006F0DB5 /* LaunchScreen.storyboard */; };
		0BC099BA2BC71D62006F0DB5 /* ExtensionColor.swift in Sources */ = {isa = PBXBuildFile; fileRef = 0BC099B92BC71D62006F0DB5 /* ExtensionColor.swift */; };
		0BC099BC2BC71D93006F0DB5 /* NetworkManagerAF.swift in Sources */ = {isa = PBXBuildFile; fileRef = 0BC099BB2BC71D93006F0DB5 /* NetworkManagerAF.swift */; };
		0BC099BF2BC71FCC006F0DB5 /* Alamofire in Frameworks */ = {isa = PBXBuildFile; productRef = 0BC099BE2BC71FCC006F0DB5 /* Alamofire */; };
		0BC099C12BC71FCC006F0DB5 /* AlamofireDynamic in Frameworks */ = {isa = PBXBuildFile; productRef = 0BC099C02BC71FCC006F0DB5 /* AlamofireDynamic */; };
		0BC099C42BC7200C006F0DB5 /* ImageServise.swift in Sources */ = {isa = PBXBuildFile; fileRef = 0BC099C32BC7200C006F0DB5 /* ImageServise.swift */; };
		0BC099C62BC7202D006F0DB5 /* ModelMarvell.swift in Sources */ = {isa = PBXBuildFile; fileRef = 0BC099C52BC7202D006F0DB5 /* ModelMarvell.swift */; };
		0BC099C82BC72049006F0DB5 /* MarvellCell.swift in Sources */ = {isa = PBXBuildFile; fileRef = 0BC099C72BC72049006F0DB5 /* MarvellCell.swift */; };
		0BC099CA2BC72063006F0DB5 /* MarvellView.swift in Sources */ = {isa = PBXBuildFile; fileRef = 0BC099C92BC72063006F0DB5 /* MarvellView.swift */; };
		0BC099CC2BC7207D006F0DB5 /* DetailView.swift in Sources */ = {isa = PBXBuildFile; fileRef = 0BC099CB2BC7207D006F0DB5 /* DetailView.swift */; };
		0BC099CE2BC72150006F0DB5 /* AnimationFactory.swift in Sources */ = {isa = PBXBuildFile; fileRef = 0BC099CD2BC72150006F0DB5 /* AnimationFactory.swift */; };
		0BC099D02BC72199006F0DB5 /* NetworkManagerMarvel.swift in Sources */ = {isa = PBXBuildFile; fileRef = 0BC099CF2BC72199006F0DB5 /* NetworkManagerMarvel.swift */; };
/* End PBXBuildFile section */

/* Begin PBXFileReference section */
		0BC0999B2BC70BEA006F0DB5 /* iOS12-HW21-Mikhailova Olga.app */ = {isa = PBXFileReference; explicitFileType = wrapper.application; includeInIndex = 0; path = "iOS12-HW21-Mikhailova Olga.app"; sourceTree = BUILT_PRODUCTS_DIR; };
		0BC0999E2BC70BEA006F0DB5 /* AppDelegate.swift */ = {isa = PBXFileReference; lastKnownFileType = sourcecode.swift; path = AppDelegate.swift; sourceTree = "<group>"; };
		0BC099A02BC70BEA006F0DB5 /* SceneDelegate.swift */ = {isa = PBXFileReference; lastKnownFileType = sourcecode.swift; path = SceneDelegate.swift; sourceTree = "<group>"; };
		0BC099A22BC70BEA006F0DB5 /* MarvellViewController.swift */ = {isa = PBXFileReference; lastKnownFileType = sourcecode.swift; path = MarvellViewController.swift; sourceTree = "<group>"; };
		0BC099A72BC70BED006F0DB5 /* Assets.xcassets */ = {isa = PBXFileReference; lastKnownFileType = folder.assetcatalog; path = Assets.xcassets; sourceTree = "<group>"; };
		0BC099AA2BC70BED006F0DB5 /* Base */ = {isa = PBXFileReference; lastKnownFileType = file.storyboard; name = Base; path = Base.lproj/LaunchScreen.storyboard; sourceTree = "<group>"; };
		0BC099AC2BC70BED006F0DB5 /* Info.plist */ = {isa = PBXFileReference; lastKnownFileType = text.plist.xml; path = Info.plist; sourceTree = "<group>"; };
		0BC099B92BC71D62006F0DB5 /* ExtensionColor.swift */ = {isa = PBXFileReference; lastKnownFileType = sourcecode.swift; path = ExtensionColor.swift; sourceTree = "<group>"; };
		0BC099BB2BC71D93006F0DB5 /* NetworkManagerAF.swift */ = {isa = PBXFileReference; lastKnownFileType = sourcecode.swift; path = NetworkManagerAF.swift; sourceTree = "<group>"; };
		0BC099C32BC7200C006F0DB5 /* ImageServise.swift */ = {isa = PBXFileReference; lastKnownFileType = sourcecode.swift; path = ImageServise.swift; sourceTree = "<group>"; };
		0BC099C52BC7202D006F0DB5 /* ModelMarvell.swift */ = {isa = PBXFileReference; lastKnownFileType = sourcecode.swift; path = ModelMarvell.swift; sourceTree = "<group>"; };
		0BC099C72BC72049006F0DB5 /* MarvellCell.swift */ = {isa = PBXFileReference; lastKnownFileType = sourcecode.swift; path = MarvellCell.swift; sourceTree = "<group>"; };
		0BC099C92BC72063006F0DB5 /* MarvellView.swift */ = {isa = PBXFileReference; lastKnownFileType = sourcecode.swift; path = MarvellView.swift; sourceTree = "<group>"; };
		0BC099CB2BC7207D006F0DB5 /* DetailView.swift */ = {isa = PBXFileReference; lastKnownFileType = sourcecode.swift; path = DetailView.swift; sourceTree = "<group>"; };
		0BC099CD2BC72150006F0DB5 /* AnimationFactory.swift */ = {isa = PBXFileReference; lastKnownFileType = sourcecode.swift; path = AnimationFactory.swift; sourceTree = "<group>"; };
		0BC099CF2BC72199006F0DB5 /* NetworkManagerMarvel.swift */ = {isa = PBXFileReference; lastKnownFileType = sourcecode.swift; path = NetworkManagerMarvel.swift; sourceTree = "<group>"; };
/* End PBXFileReference section */

/* Begin PBXFrameworksBuildPhase section */
		0BC099982BC70BEA006F0DB5 /* Frameworks */ = {
			isa = PBXFrameworksBuildPhase;
			buildActionMask = 2147483647;
			files = (
				0BC099BF2BC71FCC006F0DB5 /* Alamofire in Frameworks */,
				0BC099C12BC71FCC006F0DB5 /* AlamofireDynamic in Frameworks */,
			);
			runOnlyForDeploymentPostprocessing = 0;
		};
/* End PBXFrameworksBuildPhase section */

/* Begin PBXGroup section */
		0BC099922BC70BEA006F0DB5 = {
			isa = PBXGroup;
			children = (
				0BC0999D2BC70BEA006F0DB5 /* iOS12-HW21-Mikhailova Olga */,
				0BC0999C2BC70BEA006F0DB5 /* Products */,
			);
			sourceTree = "<group>";
		};
		0BC0999C2BC70BEA006F0DB5 /* Products */ = {
			isa = PBXGroup;
			children = (
				0BC0999B2BC70BEA006F0DB5 /* iOS12-HW21-Mikhailova Olga.app */,
			);
			name = Products;
			sourceTree = "<group>";
		};
		0BC0999D2BC70BEA006F0DB5 /* iOS12-HW21-Mikhailova Olga */ = {
			isa = PBXGroup;
			children = (
				0BC099B42BC71C67006F0DB5 /* Marvell */,
				0BC099B32BC70C3C006F0DB5 /* App */,
				0BC099B22BC70C2D006F0DB5 /* Resourses */,
			);
			path = "iOS12-HW21-Mikhailova Olga";
			sourceTree = "<group>";
		};
		0BC099B22BC70C2D006F0DB5 /* Resourses */ = {
			isa = PBXGroup;
			children = (
				0BC099A72BC70BED006F0DB5 /* Assets.xcassets */,
				0BC099A92BC70BED006F0DB5 /* LaunchScreen.storyboard */,
				0BC099AC2BC70BED006F0DB5 /* Info.plist */,
			);
			path = Resourses;
			sourceTree = "<group>";
		};
		0BC099B32BC70C3C006F0DB5 /* App */ = {
			isa = PBXGroup;
			children = (
				0BC0999E2BC70BEA006F0DB5 /* AppDelegate.swift */,
				0BC099A02BC70BEA006F0DB5 /* SceneDelegate.swift */,
			);
			path = App;
			sourceTree = "<group>";
		};
		0BC099B42BC71C67006F0DB5 /* Marvell */ = {
			isa = PBXGroup;
			children = (
				0BC099B82BC71CAD006F0DB5 /* View */,
				0BC099B72BC71C91006F0DB5 /* Extension */,
				0BC099B62BC71C89006F0DB5 /* Model */,
				0BC099B52BC71C77006F0DB5 /* NetworkManager */,
			);
			path = Marvell;
			sourceTree = "<group>";
		};
		0BC099B52BC71C77006F0DB5 /* NetworkManager */ = {
			isa = PBXGroup;
			children = (
				0BC099BB2BC71D93006F0DB5 /* NetworkManagerAF.swift */,
				0BC099CF2BC72199006F0DB5 /* NetworkManagerMarvel.swift */,
			);
			path = NetworkManager;
			sourceTree = "<group>";
		};
		0BC099B62BC71C89006F0DB5 /* Model */ = {
			isa = PBXGroup;
			children = (
				0BC099C52BC7202D006F0DB5 /* ModelMarvell.swift */,
			);
			path = Model;
			sourceTree = "<group>";
		};
		0BC099B72BC71C91006F0DB5 /* Extension */ = {
			isa = PBXGroup;
			children = (
				0BC099B92BC71D62006F0DB5 /* ExtensionColor.swift */,
				0BC099C32BC7200C006F0DB5 /* ImageServise.swift */,
				0BC099CD2BC72150006F0DB5 /* AnimationFactory.swift */,
			);
			path = Extension;
			sourceTree = "<group>";
		};
		0BC099B82BC71CAD006F0DB5 /* View */ = {
			isa = PBXGroup;
			children = (
				0BC099A22BC70BEA006F0DB5 /* MarvellViewController.swift */,
				0BC099C72BC72049006F0DB5 /* MarvellCell.swift */,
				0BC099C92BC72063006F0DB5 /* MarvellView.swift */,
				0BC099CB2BC7207D006F0DB5 /* DetailView.swift */,
			);
			path = View;
			sourceTree = "<group>";
		};
/* End PBXGroup section */

/* Begin PBXNativeTarget section */
		0BC0999A2BC70BEA006F0DB5 /* iOS12-HW21-Mikhailova Olga */ = {
			isa = PBXNativeTarget;
			buildConfigurationList = 0BC099AF2BC70BED006F0DB5 /* Build configuration list for PBXNativeTarget "iOS12-HW21-Mikhailova Olga" */;
			buildPhases = (
				0BC099972BC70BEA006F0DB5 /* Sources */,
				0BC099982BC70BEA006F0DB5 /* Frameworks */,
				0BC099992BC70BEA006F0DB5 /* Resources */,
			);
			buildRules = (
			);
			dependencies = (
			);
			name = "iOS12-HW21-Mikhailova Olga";
			packageProductDependencies = (
				0BC099BE2BC71FCC006F0DB5 /* Alamofire */,
				0BC099C02BC71FCC006F0DB5 /* AlamofireDynamic */,
			);
			productName = "iOS12-HW21-Mikhailova Olga";
			productReference = 0BC0999B2BC70BEA006F0DB5 /* iOS12-HW21-Mikhailova Olga.app */;
			productType = "com.apple.product-type.application";
		};
/* End PBXNativeTarget section */

/* Begin PBXProject section */
		0BC099932BC70BEA006F0DB5 /* Project object */ = {
			isa = PBXProject;
			attributes = {
				BuildIndependentTargetsInParallel = 1;
				LastSwiftUpdateCheck = 1500;
				LastUpgradeCheck = 1500;
				TargetAttributes = {
					0BC0999A2BC70BEA006F0DB5 = {
						CreatedOnToolsVersion = 15.0.1;
					};
				};
			};
			buildConfigurationList = 0BC099962BC70BEA006F0DB5 /* Build configuration list for PBXProject "iOS12-HW21-Mikhailova Olga" */;
			compatibilityVersion = "Xcode 14.0";
			developmentRegion = en;
			hasScannedForEncodings = 0;
			knownRegions = (
				en,
				Base,
			);
			mainGroup = 0BC099922BC70BEA006F0DB5;
			packageReferences = (
				0BC099BD2BC71FCC006F0DB5 /* XCRemoteSwiftPackageReference "Alamofire" */,
			);
			productRefGroup = 0BC0999C2BC70BEA006F0DB5 /* Products */;
			projectDirPath = "";
			projectRoot = "";
			targets = (
				0BC0999A2BC70BEA006F0DB5 /* iOS12-HW21-Mikhailova Olga */,
			);
		};
/* End PBXProject section */

/* Begin PBXResourcesBuildPhase section */
		0BC099992BC70BEA006F0DB5 /* Resources */ = {
			isa = PBXResourcesBuildPhase;
			buildActionMask = 2147483647;
			files = (
				0BC099AB2BC70BED006F0DB5 /* LaunchScreen.storyboard in Resources */,
				0BC099A82BC70BED006F0DB5 /* Assets.xcassets in Resources */,
			);
			runOnlyForDeploymentPostprocessing = 0;
		};
/* End PBXResourcesBuildPhase section */

/* Begin PBXSourcesBuildPhase section */
		0BC099972BC70BEA006F0DB5 /* Sources */ = {
			isa = PBXSourcesBuildPhase;
			buildActionMask = 2147483647;
			files = (
				0BC099CA2BC72063006F0DB5 /* MarvellView.swift in Sources */,
				0BC099D02BC72199006F0DB5 /* NetworkManagerMarvel.swift in Sources */,
				0BC099A32BC70BEA006F0DB5 /* MarvellViewController.swift in Sources */,
				0BC0999F2BC70BEA006F0DB5 /* AppDelegate.swift in Sources */,
				0BC099CC2BC7207D006F0DB5 /* DetailView.swift in Sources */,
				0BC099A12BC70BEA006F0DB5 /* SceneDelegate.swift in Sources */,
				0BC099C42BC7200C006F0DB5 /* ImageServise.swift in Sources */,
				0BC099CE2BC72150006F0DB5 /* AnimationFactory.swift in Sources */,
				0BC099BA2BC71D62006F0DB5 /* ExtensionColor.swift in Sources */,
				0BC099C62BC7202D006F0DB5 /* ModelMarvell.swift in Sources */,
				0BC099BC2BC71D93006F0DB5 /* NetworkManagerAF.swift in Sources */,
				0BC099C82BC72049006F0DB5 /* MarvellCell.swift in Sources */,
			);
			runOnlyForDeploymentPostprocessing = 0;
		};
/* End PBXSourcesBuildPhase section */

/* Begin PBXVariantGroup section */
		0BC099A92BC70BED006F0DB5 /* LaunchScreen.storyboard */ = {
			isa = PBXVariantGroup;
			children = (
				0BC099AA2BC70BED006F0DB5 /* Base */,
			);
			name = LaunchScreen.storyboard;
			sourceTree = "<group>";
		};
/* End PBXVariantGroup section */

/* Begin XCBuildConfiguration section */
		0BC099AD2BC70BED006F0DB5 /* Debug */ = {
			isa = XCBuildConfiguration;
			buildSettings = {
				ALWAYS_SEARCH_USER_PATHS = NO;
				ASSETCATALOG_COMPILER_GENERATE_SWIFT_ASSET_SYMBOL_EXTENSIONS = YES;
				CLANG_ANALYZER_NONNULL = YES;
				CLANG_ANALYZER_NUMBER_OBJECT_CONVERSION = YES_AGGRESSIVE;
				CLANG_CXX_LANGUAGE_STANDARD = "gnu++20";
				CLANG_ENABLE_MODULES = YES;
				CLANG_ENABLE_OBJC_ARC = YES;
				CLANG_ENABLE_OBJC_WEAK = YES;
				CLANG_WARN_BLOCK_CAPTURE_AUTORELEASING = YES;
				CLANG_WARN_BOOL_CONVERSION = YES;
				CLANG_WARN_COMMA = YES;
				CLANG_WARN_CONSTANT_CONVERSION = YES;
				CLANG_WARN_DEPRECATED_OBJC_IMPLEMENTATIONS = YES;
				CLANG_WARN_DIRECT_OBJC_ISA_USAGE = YES_ERROR;
				CLANG_WARN_DOCUMENTATION_COMMENTS = YES;
				CLANG_WARN_EMPTY_BODY = YES;
				CLANG_WARN_ENUM_CONVERSION = YES;
				CLANG_WARN_INFINITE_RECURSION = YES;
				CLANG_WARN_INT_CONVERSION = YES;
				CLANG_WARN_NON_LITERAL_NULL_CONVERSION = YES;
				CLANG_WARN_OBJC_IMPLICIT_RETAIN_SELF = YES;
				CLANG_WARN_OBJC_LITERAL_CONVERSION = YES;
				CLANG_WARN_OBJC_ROOT_CLASS = YES_ERROR;
				CLANG_WARN_QUOTED_INCLUDE_IN_FRAMEWORK_HEADER = YES;
				CLANG_WARN_RANGE_LOOP_ANALYSIS = YES;
				CLANG_WARN_STRICT_PROTOTYPES = YES;
				CLANG_WARN_SUSPICIOUS_MOVE = YES;
				CLANG_WARN_UNGUARDED_AVAILABILITY = YES_AGGRESSIVE;
				CLANG_WARN_UNREACHABLE_CODE = YES;
				CLANG_WARN__DUPLICATE_METHOD_MATCH = YES;
				COPY_PHASE_STRIP = NO;
				DEBUG_INFORMATION_FORMAT = dwarf;
				ENABLE_STRICT_OBJC_MSGSEND = YES;
				ENABLE_TESTABILITY = YES;
				ENABLE_USER_SCRIPT_SANDBOXING = YES;
				GCC_C_LANGUAGE_STANDARD = gnu17;
				GCC_DYNAMIC_NO_PIC = NO;
				GCC_NO_COMMON_BLOCKS = YES;
				GCC_OPTIMIZATION_LEVEL = 0;
				GCC_PREPROCESSOR_DEFINITIONS = (
					"DEBUG=1",
					"$(inherited)",
				);
				GCC_WARN_64_TO_32_BIT_CONVERSION = YES;
				GCC_WARN_ABOUT_RETURN_TYPE = YES_ERROR;
				GCC_WARN_UNDECLARED_SELECTOR = YES;
				GCC_WARN_UNINITIALIZED_AUTOS = YES_AGGRESSIVE;
				GCC_WARN_UNUSED_FUNCTION = YES;
				GCC_WARN_UNUSED_VARIABLE = YES;
				IPHONEOS_DEPLOYMENT_TARGET = 17.0;
				LOCALIZATION_PREFERS_STRING_CATALOGS = YES;
				MTL_ENABLE_DEBUG_INFO = INCLUDE_SOURCE;
				MTL_FAST_MATH = YES;
				ONLY_ACTIVE_ARCH = YES;
				SDKROOT = iphoneos;
				SWIFT_ACTIVE_COMPILATION_CONDITIONS = "DEBUG $(inherited)";
				SWIFT_OPTIMIZATION_LEVEL = "-Onone";
			};
			name = Debug;
		};
		0BC099AE2BC70BED006F0DB5 /* Release */ = {
			isa = XCBuildConfiguration;
			buildSettings = {
				ALWAYS_SEARCH_USER_PATHS = NO;
				ASSETCATALOG_COMPILER_GENERATE_SWIFT_ASSET_SYMBOL_EXTENSIONS = YES;
				CLANG_ANALYZER_NONNULL = YES;
				CLANG_ANALYZER_NUMBER_OBJECT_CONVERSION = YES_AGGRESSIVE;
				CLANG_CXX_LANGUAGE_STANDARD = "gnu++20";
				CLANG_ENABLE_MODULES = YES;
				CLANG_ENABLE_OBJC_ARC = YES;
				CLANG_ENABLE_OBJC_WEAK = YES;
				CLANG_WARN_BLOCK_CAPTURE_AUTORELEASING = YES;
				CLANG_WARN_BOOL_CONVERSION = YES;
				CLANG_WARN_COMMA = YES;
				CLANG_WARN_CONSTANT_CONVERSION = YES;
				CLANG_WARN_DEPRECATED_OBJC_IMPLEMENTATIONS = YES;
				CLANG_WARN_DIRECT_OBJC_ISA_USAGE = YES_ERROR;
				CLANG_WARN_DOCUMENTATION_COMMENTS = YES;
				CLANG_WARN_EMPTY_BODY = YES;
				CLANG_WARN_ENUM_CONVERSION = YES;
				CLANG_WARN_INFINITE_RECURSION = YES;
				CLANG_WARN_INT_CONVERSION = YES;
				CLANG_WARN_NON_LITERAL_NULL_CONVERSION = YES;
				CLANG_WARN_OBJC_IMPLICIT_RETAIN_SELF = YES;
				CLANG_WARN_OBJC_LITERAL_CONVERSION = YES;
				CLANG_WARN_OBJC_ROOT_CLASS = YES_ERROR;
				CLANG_WARN_QUOTED_INCLUDE_IN_FRAMEWORK_HEADER = YES;
				CLANG_WARN_RANGE_LOOP_ANALYSIS = YES;
				CLANG_WARN_STRICT_PROTOTYPES = YES;
				CLANG_WARN_SUSPICIOUS_MOVE = YES;
				CLANG_WARN_UNGUARDED_AVAILABILITY = YES_AGGRESSIVE;
				CLANG_WARN_UNREACHABLE_CODE = YES;
				CLANG_WARN__DUPLICATE_METHOD_MATCH = YES;
				COPY_PHASE_STRIP = NO;
				DEBUG_INFORMATION_FORMAT = "dwarf-with-dsym";
				ENABLE_NS_ASSERTIONS = NO;
				ENABLE_STRICT_OBJC_MSGSEND = YES;
				ENABLE_USER_SCRIPT_SANDBOXING = YES;
				GCC_C_LANGUAGE_STANDARD = gnu17;
				GCC_NO_COMMON_BLOCKS = YES;
				GCC_WARN_64_TO_32_BIT_CONVERSION = YES;
				GCC_WARN_ABOUT_RETURN_TYPE = YES_ERROR;
				GCC_WARN_UNDECLARED_SELECTOR = YES;
				GCC_WARN_UNINITIALIZED_AUTOS = YES_AGGRESSIVE;
				GCC_WARN_UNUSED_FUNCTION = YES;
				GCC_WARN_UNUSED_VARIABLE = YES;
				IPHONEOS_DEPLOYMENT_TARGET = 17.0;
				LOCALIZATION_PREFERS_STRING_CATALOGS = YES;
				MTL_ENABLE_DEBUG_INFO = NO;
				MTL_FAST_MATH = YES;
				SDKROOT = iphoneos;
				SWIFT_COMPILATION_MODE = wholemodule;
				VALIDATE_PRODUCT = YES;
			};
			name = Release;
		};
		0BC099B02BC70BED006F0DB5 /* Debug */ = {
			isa = XCBuildConfiguration;
			buildSettings = {
				ASSETCATALOG_COMPILER_APPICON_NAME = AppIcon;
				ASSETCATALOG_COMPILER_GLOBAL_ACCENT_COLOR_NAME = AccentColor;
				CODE_SIGN_STYLE = Automatic;
				CURRENT_PROJECT_VERSION = 1;
				GENERATE_INFOPLIST_FILE = YES;
				INFOPLIST_FILE = "iOS12-HW21-Mikhailova Olga/Info.plist";
				INFOPLIST_KEY_UIApplicationSupportsIndirectInputEvents = YES;
				INFOPLIST_KEY_UILaunchStoryboardName = LaunchScreen;
				INFOPLIST_KEY_UISupportedInterfaceOrientations_iPad = "UIInterfaceOrientationPortrait UIInterfaceOrientationPortraitUpsideDown UIInterfaceOrientationLandscapeLeft UIInterfaceOrientationLandscapeRight";
				INFOPLIST_KEY_UISupportedInterfaceOrientations_iPhone = "UIInterfaceOrientationPortrait UIInterfaceOrientationLandscapeLeft UIInterfaceOrientationLandscapeRight";
				IPHONEOS_DEPLOYMENT_TARGET = 15.0;
				LD_RUNPATH_SEARCH_PATHS = (
					"$(inherited)",
					"@executable_path/Frameworks",
				);
				MARKETING_VERSION = 1.0;
				PRODUCT_BUNDLE_IDENTIFIER = "mycompany.iOS12-HW21-Mikhailova-Olga";
				PRODUCT_NAME = "$(TARGET_NAME)";
				SWIFT_EMIT_LOC_STRINGS = YES;
				SWIFT_VERSION = 5.0;
				TARGETED_DEVICE_FAMILY = "1,2";
			};
			name = Debug;
		};
		0BC099B12BC70BED006F0DB5 /* Release */ = {
			isa = XCBuildConfiguration;
			buildSettings = {
				ASSETCATALOG_COMPILER_APPICON_NAME = AppIcon;
				ASSETCATALOG_COMPILER_GLOBAL_ACCENT_COLOR_NAME = AccentColor;
				CODE_SIGN_STYLE = Automatic;
				CURRENT_PROJECT_VERSION = 1;
				GENERATE_INFOPLIST_FILE = YES;
				INFOPLIST_FILE = "iOS12-HW21-Mikhailova Olga/Info.plist";
				INFOPLIST_KEY_UIApplicationSupportsIndirectInputEvents = YES;
				INFOPLIST_KEY_UILaunchStoryboardName = LaunchScreen;
				INFOPLIST_KEY_UISupportedInterfaceOrientations_iPad = "UIInterfaceOrientationPortrait UIInterfaceOrientationPortraitUpsideDown UIInterfaceOrientationLandscapeLeft UIInterfaceOrientationLandscapeRight";
				INFOPLIST_KEY_UISupportedInterfaceOrientations_iPhone = "UIInterfaceOrientationPortrait UIInterfaceOrientationLandscapeLeft UIInterfaceOrientationLandscapeRight";
				IPHONEOS_DEPLOYMENT_TARGET = 15.0;
				LD_RUNPATH_SEARCH_PATHS = (
					"$(inherited)",
					"@executable_path/Frameworks",
				);
				MARKETING_VERSION = 1.0;
				PRODUCT_BUNDLE_IDENTIFIER = "mycompany.iOS12-HW21-Mikhailova-Olga";
				PRODUCT_NAME = "$(TARGET_NAME)";
				SWIFT_EMIT_LOC_STRINGS = YES;
				SWIFT_VERSION = 5.0;
				TARGETED_DEVICE_FAMILY = "1,2";
			};
			name = Release;
		};
/* End XCBuildConfiguration section */

/* Begin XCConfigurationList section */
		0BC099962BC70BEA006F0DB5 /* Build configuration list for PBXProject "iOS12-HW21-Mikhailova Olga" */ = {
			isa = XCConfigurationList;
			buildConfigurations = (
				0BC099AD2BC70BED006F0DB5 /* Debug */,
				0BC099AE2BC70BED006F0DB5 /* Release */,
			);
			defaultConfigurationIsVisible = 0;
			defaultConfigurationName = Release;
		};
		0BC099AF2BC70BED006F0DB5 /* Build configuration list for PBXNativeTarget "iOS12-HW21-Mikhailova Olga" */ = {
			isa = XCConfigurationList;
			buildConfigurations = (
				0BC099B02BC70BED006F0DB5 /* Debug */,
				0BC099B12BC70BED006F0DB5 /* Release */,
			);
			defaultConfigurationIsVisible = 0;
			defaultConfigurationName = Release;
		};
/* End XCConfigurationList section */

/* Begin XCRemoteSwiftPackageReference section */
		0BC099BD2BC71FCC006F0DB5 /* XCRemoteSwiftPackageReference "Alamofire" */ = {
			isa = XCRemoteSwiftPackageReference;
			repositoryURL = "https://github.com/Alamofire/Alamofire.git";
			requirement = {
				kind = upToNextMajorVersion;
				minimumVersion = 5.9.1;
			};
		};
/* End XCRemoteSwiftPackageReference section */

/* Begin XCSwiftPackageProductDependency section */
		0BC099BE2BC71FCC006F0DB5 /* Alamofire */ = {
			isa = XCSwiftPackageProductDependency;
			package = 0BC099BD2BC71FCC006F0DB5 /* XCRemoteSwiftPackageReference "Alamofire" */;
			productName = Alamofire;
		};
		0BC099C02BC71FCC006F0DB5 /* AlamofireDynamic */ = {
			isa = XCSwiftPackageProductDependency;
			package = 0BC099BD2BC71FCC006F0DB5 /* XCRemoteSwiftPackageReference "Alamofire" */;
			productName = AlamofireDynamic;
		};
/* End XCSwiftPackageProductDependency section */
	};
	rootObject = 0BC099932BC70BEA006F0DB5 /* Project object */;
}
